
Microsoft Visual Studio Solution File, Format Version 12.00
# Visual Studio 15
VisualStudioVersion = 15.0.26403.7
MinimumVisualStudioVersion = 10.0.40219.1
Project("{FAE04EC0-301F-11D3-BF4B-00C04F79EFBC}") = "2014139821-CON", "2014139821-CON\2014139821-CON.csproj", "{A0AC7002-EAAA-46B2-8E82-8A71336837DD}"
EndProject
Project("{FAE04EC0-301F-11D3-BF4B-00C04F79EFBC}") = "2014139821-ENT", "2014139821-ENT\2014139821-ENT.csproj", "{488A0AB0-FEEC-4EBE-984D-C2339EC33D15}"
EndProject
Project("{FAE04EC0-301F-11D3-BF4B-00C04F79EFBC}") = "2014139821-PER", "2014139821-PER\2014139821-PER.csproj", "{A61DCB7F-C344-42F7-92A0-B4A29200147D}"
EndProject
Project("{FAE04EC0-301F-11D3-BF4B-00C04F79EFBC}") = "2014139821-MVC", "2014139821-MVC\2014139821-MVC.csproj", "{716219BE-16A7-40AF-94FE-1C05FD9B206C}"
EndProject
Project("{FAE04EC0-301F-11D3-BF4B-00C04F79EFBC}") = "2014139821-API", "2014139821-API\2014139821-API.csproj", "{43BAEAF8-F319-448C-A60D-69D277606593}"
EndProject
Global
	GlobalSection(SolutionConfigurationPlatforms) = preSolution
		Debug|Any CPU = Debug|Any CPU
		Release|Any CPU = Release|Any CPU
	EndGlobalSection
	GlobalSection(ProjectConfigurationPlatforms) = postSolution
		{A0AC7002-EAAA-46B2-8E82-8A71336837DD}.Debug|Any CPU.ActiveCfg = Debug|Any CPU
		{A0AC7002-EAAA-46B2-8E82-8A71336837DD}.Debug|Any CPU.Build.0 = Debug|Any CPU
		{A0AC7002-EAAA-46B2-8E82-8A71336837DD}.Release|Any CPU.ActiveCfg = Release|Any CPU
		{A0AC7002-EAAA-46B2-8E82-8A71336837DD}.Release|Any CPU.Build.0 = Release|Any CPU
		{488A0AB0-FEEC-4EBE-984D-C2339EC33D15}.Debug|Any CPU.ActiveCfg = Debug|Any CPU
		{488A0AB0-FEEC-4EBE-984D-C2339EC33D15}.Debug|Any CPU.Build.0 = Debug|Any CPU
		{488A0AB0-FEEC-4EBE-984D-C2339EC33D15}.Release|Any CPU.ActiveCfg = Release|Any CPU
		{488A0AB0-FEEC-4EBE-984D-C2339EC33D15}.Release|Any CPU.Build.0 = Release|Any CPU
		{A61DCB7F-C344-42F7-92A0-B4A29200147D}.Debug|Any CPU.ActiveCfg = Debug|Any CPU
		{A61DCB7F-C344-42F7-92A0-B4A29200147D}.Debug|Any CPU.Build.0 = Debug|Any CPU
		{A61DCB7F-C344-42F7-92A0-B4A29200147D}.Release|Any CPU.ActiveCfg = Release|Any CPU
		{A61DCB7F-C344-42F7-92A0-B4A29200147D}.Release|Any CPU.Build.0 = Release|Any CPU
		{716219BE-16A7-40AF-94FE-1C05FD9B206C}.Debug|Any CPU.ActiveCfg = Debug|Any CPU
		{716219BE-16A7-40AF-94FE-1C05FD9B206C}.Debug|Any CPU.Build.0 = Debug|Any CPU
		{716219BE-16A7-40AF-94FE-1C05FD9B206C}.Release|Any CPU.ActiveCfg = Release|Any CPU
		{716219BE-16A7-40AF-94FE-1C05FD9B206C}.Release|Any CPU.Build.0 = Release|Any CPU
		{43BAEAF8-F319-448C-A60D-69D277606593}.Debug|Any CPU.ActiveCfg = Debug|Any CPU
		{43BAEAF8-F319-448C-A60D-69D277606593}.Debug|Any CPU.Build.0 = Debug|Any CPU
		{43BAEAF8-F319-448C-A60D-69D277606593}.Release|Any CPU.ActiveCfg = Release|Any CPU
		{43BAEAF8-F319-448C-A60D-69D277606593}.Release|Any CPU.Build.0 = Release|Any CPU
	EndGlobalSection
	GlobalSection(SolutionProperties) = preSolution
		HideSolutionNode = FALSE
	EndGlobalSection
EndGlobal
